
Microsoft Visual Studio Solution File, Format Version 12.00
# Visual Studio Version 17
VisualStudioVersion = 17.5.33502.453
MinimumVisualStudioVersion = 10.0.40219.1
Project("{9A19103F-16F7-4668-BE54-9A1E7A4F7556}") = "prictices", "prictices\prictices.csproj", "{4A621655-1457-49E6-B4A2-3DFE8B4825CA}"
EndProject
Project("{FAE04EC0-301F-11D3-BF4B-00C04F79EFBC}") = "WinForm", "WinForm\WinForm.csproj", "{BC63987B-5C98-4F87-9EFF-65ED035DBB9A}"
EndProject
Project("{FAE04EC0-301F-11D3-BF4B-00C04F79EFBC}") = "Form_Table", "Form_Table\Form_Table.csproj", "{1DE6F536-DD5A-4B48-B792-98C91855DECA}"
EndProject
Project("{FAE04EC0-301F-11D3-BF4B-00C04F79EFBC}") = "progress_bar", "progress_bar\progress_bar.csproj", "{4AB465CF-7305-41E3-8B20-C6352C6434D3}"
EndProject
Project("{FAE04EC0-301F-11D3-BF4B-00C04F79EFBC}") = "MeunControl", "MeunControl\MeunControl.csproj", "{D7F3A5B1-8B79-494B-8017-68E8DB58DC47}"
EndProject
Project("{FAE04EC0-301F-11D3-BF4B-00C04F79EFBC}") = "WPFframework", "WPFframework\WPFframework.csproj", "{CAF54A79-8027-4319-AED0-AA25A12D84AE}"
EndProject
Project("{FAE04EC0-301F-11D3-BF4B-00C04F79EFBC}") = "Access", "Access\Access\Access.csproj", "{08944D33-32B7-4BA4-B4BB-F64039653861}"
EndProject
Project("{9A19103F-16F7-4668-BE54-9A1E7A4F7556}") = "WPFnetCore", "WPFnetCore\WPFnetCore.csproj", "{6527598F-5DE2-411E-86F6-3A8F41582C17}"
EndProject
Project("{FAE04EC0-301F-11D3-BF4B-00C04F79EFBC}") = "FaceToObj", "面向对象\FaceToObj.csproj", "{4B75CB04-07B9-4ACA-B71A-E85A972AC7BC}"
EndProject
Project("{FAE04EC0-301F-11D3-BF4B-00C04F79EFBC}") = "Polymorphism", "Polymorphism\Polymorphism.csproj", "{CAC7A1ED-95F0-40D5-BE54-B4790127BE32}"
EndProject
Project("{FAE04EC0-301F-11D3-BF4B-00C04F79EFBC}") = "OperatorOvlApplication", "OperatorOvlApplication\OperatorOvlApplication.csproj", "{36CF99A1-3A48-48BE-BC25-BF3BF5C77B5D}"
EndProject
Global
	GlobalSection(SolutionConfigurationPlatforms) = preSolution
		Debug|Any CPU = Debug|Any CPU
		Release|Any CPU = Release|Any CPU
	EndGlobalSection
	GlobalSection(ProjectConfigurationPlatforms) = postSolution
		{4A621655-1457-49E6-B4A2-3DFE8B4825CA}.Debug|Any CPU.ActiveCfg = Debug|Any CPU
		{4A621655-1457-49E6-B4A2-3DFE8B4825CA}.Debug|Any CPU.Build.0 = Debug|Any CPU
		{4A621655-1457-49E6-B4A2-3DFE8B4825CA}.Release|Any CPU.ActiveCfg = Release|Any CPU
		{4A621655-1457-49E6-B4A2-3DFE8B4825CA}.Release|Any CPU.Build.0 = Release|Any CPU
		{BC63987B-5C98-4F87-9EFF-65ED035DBB9A}.Debug|Any CPU.ActiveCfg = Debug|Any CPU
		{BC63987B-5C98-4F87-9EFF-65ED035DBB9A}.Debug|Any CPU.Build.0 = Debug|Any CPU
		{BC63987B-5C98-4F87-9EFF-65ED035DBB9A}.Release|Any CPU.ActiveCfg = Release|Any CPU
		{BC63987B-5C98-4F87-9EFF-65ED035DBB9A}.Release|Any CPU.Build.0 = Release|Any CPU
		{1DE6F536-DD5A-4B48-B792-98C91855DECA}.Debug|Any CPU.ActiveCfg = Debug|Any CPU
		{1DE6F536-DD5A-4B48-B792-98C91855DECA}.Debug|Any CPU.Build.0 = Debug|Any CPU
		{1DE6F536-DD5A-4B48-B792-98C91855DECA}.Release|Any CPU.ActiveCfg = Release|Any CPU
		{1DE6F536-DD5A-4B48-B792-98C91855DECA}.Release|Any CPU.Build.0 = Release|Any CPU
		{4AB465CF-7305-41E3-8B20-C6352C6434D3}.Debug|Any CPU.ActiveCfg = Debug|Any CPU
		{4AB465CF-7305-41E3-8B20-C6352C6434D3}.Debug|Any CPU.Build.0 = Debug|Any CPU
		{4AB465CF-7305-41E3-8B20-C6352C6434D3}.Release|Any CPU.ActiveCfg = Release|Any CPU
		{4AB465CF-7305-41E3-8B20-C6352C6434D3}.Release|Any CPU.Build.0 = Release|Any CPU
		{D7F3A5B1-8B79-494B-8017-68E8DB58DC47}.Debug|Any CPU.ActiveCfg = Debug|Any CPU
		{D7F3A5B1-8B79-494B-8017-68E8DB58DC47}.Debug|Any CPU.Build.0 = Debug|Any CPU
		{D7F3A5B1-8B79-494B-8017-68E8DB58DC47}.Release|Any CPU.ActiveCfg = Release|Any CPU
		{D7F3A5B1-8B79-494B-8017-68E8DB58DC47}.Release|Any CPU.Build.0 = Release|Any CPU
		{CAF54A79-8027-4319-AED0-AA25A12D84AE}.Debug|Any CPU.ActiveCfg = Debug|Any CPU
		{CAF54A79-8027-4319-AED0-AA25A12D84AE}.Debug|Any CPU.Build.0 = Debug|Any CPU
		{CAF54A79-8027-4319-AED0-AA25A12D84AE}.Release|Any CPU.ActiveCfg = Release|Any CPU
		{CAF54A79-8027-4319-AED0-AA25A12D84AE}.Release|Any CPU.Build.0 = Release|Any CPU
		{08944D33-32B7-4BA4-B4BB-F64039653861}.Debug|Any CPU.ActiveCfg = Debug|Any CPU
		{08944D33-32B7-4BA4-B4BB-F64039653861}.Debug|Any CPU.Build.0 = Debug|Any CPU
		{08944D33-32B7-4BA4-B4BB-F64039653861}.Release|Any CPU.ActiveCfg = Release|Any CPU
		{08944D33-32B7-4BA4-B4BB-F64039653861}.Release|Any CPU.Build.0 = Release|Any CPU
		{6527598F-5DE2-411E-86F6-3A8F41582C17}.Debug|Any CPU.ActiveCfg = Debug|Any CPU
		{6527598F-5DE2-411E-86F6-3A8F41582C17}.Debug|Any CPU.Build.0 = Debug|Any CPU
		{6527598F-5DE2-411E-86F6-3A8F41582C17}.Release|Any CPU.ActiveCfg = Release|Any CPU
		{6527598F-5DE2-411E-86F6-3A8F41582C17}.Release|Any CPU.Build.0 = Release|Any CPU
		{4B75CB04-07B9-4ACA-B71A-E85A972AC7BC}.Debug|Any CPU.ActiveCfg = Debug|Any CPU
		{4B75CB04-07B9-4ACA-B71A-E85A972AC7BC}.Debug|Any CPU.Build.0 = Debug|Any CPU
		{4B75CB04-07B9-4ACA-B71A-E85A972AC7BC}.Release|Any CPU.ActiveCfg = Release|Any CPU
		{4B75CB04-07B9-4ACA-B71A-E85A972AC7BC}.Release|Any CPU.Build.0 = Release|Any CPU
		{CAC7A1ED-95F0-40D5-BE54-B4790127BE32}.Debug|Any CPU.ActiveCfg = Debug|Any CPU
		{CAC7A1ED-95F0-40D5-BE54-B4790127BE32}.Debug|Any CPU.Build.0 = Debug|Any CPU
		{CAC7A1ED-95F0-40D5-BE54-B4790127BE32}.Release|Any CPU.ActiveCfg = Release|Any CPU
		{CAC7A1ED-95F0-40D5-BE54-B4790127BE32}.Release|Any CPU.Build.0 = Release|Any CPU
		{36CF99A1-3A48-48BE-BC25-BF3BF5C77B5D}.Debug|Any CPU.ActiveCfg = Debug|Any CPU
		{36CF99A1-3A48-48BE-BC25-BF3BF5C77B5D}.Debug|Any CPU.Build.0 = Debug|Any CPU
		{36CF99A1-3A48-48BE-BC25-BF3BF5C77B5D}.Release|Any CPU.ActiveCfg = Release|Any CPU
		{36CF99A1-3A48-48BE-BC25-BF3BF5C77B5D}.Release|Any CPU.Build.0 = Release|Any CPU
	EndGlobalSection
	GlobalSection(SolutionProperties) = preSolution
		HideSolutionNode = FALSE
	EndGlobalSection
	GlobalSection(ExtensibilityGlobals) = postSolution
		SolutionGuid = {749F7149-86EC-42AB-8F3F-1D9C9EDF3AA2}
	EndGlobalSection
EndGlobal
