
Microsoft Visual Studio Solution File, Format Version 12.00
# Visual Studio Version 17
VisualStudioVersion = 17.5.33502.453
MinimumVisualStudioVersion = 10.0.40219.1
Project("{9A19103F-16F7-4668-BE54-9A1E7A4F7556}") = "prictices", "prictices\prictices.csproj", "{4A621655-1457-49E6-B4A2-3DFE8B4825CA}"
EndProject
Project("{FAE04EC0-301F-11D3-BF4B-00C04F79EFBC}") = "SerialAssistant", "WinForm\SerialAssistant.csproj", "{BC63987B-5C98-4F87-9EFF-65ED035DBB9A}"
EndProject
Project("{FAE04EC0-301F-11D3-BF4B-00C04F79EFBC}") = "Form_Table", "Form_Table\Form_Table.csproj", "{1DE6F536-DD5A-4B48-B792-98C91855DECA}"
EndProject
Project("{FAE04EC0-301F-11D3-BF4B-00C04F79EFBC}") = "progress_bar", "progress_bar\progress_bar.csproj", "{4AB465CF-7305-41E3-8B20-C6352C6434D3}"
EndProject
Project("{FAE04EC0-301F-11D3-BF4B-00C04F79EFBC}") = "MeunControl", "MeunControl\MeunControl.csproj", "{D7F3A5B1-8B79-494B-8017-68E8DB58DC47}"
EndProject
Project("{FAE04EC0-301F-11D3-BF4B-00C04F79EFBC}") = "WPFframework", "WPFframework\WPFframework.csproj", "{CAF54A79-8027-4319-AED0-AA25A12D84AE}"
EndProject
Project("{FAE04EC0-301F-11D3-BF4B-00C04F79EFBC}") = "Access", "Access\Access\Access.csproj", "{08944D33-32B7-4BA4-B4BB-F64039653861}"
EndProject
Project("{9A19103F-16F7-4668-BE54-9A1E7A4F7556}") = "WPFnetCore", "WPFnetCore\WPFnetCore.csproj", "{6527598F-5DE2-411E-86F6-3A8F41582C17}"
EndProject
Project("{9A19103F-16F7-4668-BE54-9A1E7A4F7556}") = "FaceToObj", "面向对象\FaceToObj.csproj", "{4B75CB04-07B9-4ACA-B71A-E85A972AC7BC}"
EndProject
Project("{9A19103F-16F7-4668-BE54-9A1E7A4F7556}") = "Polymorphism", "Polymorphism\Polymorphism.csproj", "{CAC7A1ED-95F0-40D5-BE54-B4790127BE32}"
EndProject
Project("{9A19103F-16F7-4668-BE54-9A1E7A4F7556}") = "OperatorOvlApplication", "OperatorOvlApplication\OperatorOvlApplication.csproj", "{36CF99A1-3A48-48BE-BC25-BF3BF5C77B5D}"
EndProject
Project("{9A19103F-16F7-4668-BE54-9A1E7A4F7556}") = "InterfaceImplementer", "InterfaceImplementer\InterfaceImplementer.csproj", "{AE476E94-B5CA-4736-B7DF-D65107CA6439}"
EndProject
Project("{9A19103F-16F7-4668-BE54-9A1E7A4F7556}") = "namespace_name", "namespace_name\namespace_name.csproj", "{0C036984-24CE-44E3-944F-28FC3B3424F7}"
EndProject
Project("{9A19103F-16F7-4668-BE54-9A1E7A4F7556}") = "GenericApplication", "GenericApplication\GenericApplication.csproj", "{FBBD2DE8-9993-4D16-9DE3-7FFAD804CC26}"
EndProject
Project("{9A19103F-16F7-4668-BE54-9A1E7A4F7556}") = "DelegateApplication", "DelegateApplication\DelegateApplication.csproj", "{6BA27EEE-0E44-46E7-BFB7-B19F2D6AB368}"
EndProject
Project("{9A19103F-16F7-4668-BE54-9A1E7A4F7556}") = "AttributeApplication", "AttributeApplication\AttributeApplication.csproj", "{FF869A8C-C040-4EC3-AEFE-39CAFBA7A87D}"
EndProject
Project("{FAE04EC0-301F-11D3-BF4B-00C04F79EFBC}") = "PropertyApplication", "PropertyApplication\PropertyApplication.csproj", "{CCF14EFF-E3E5-40B7-AE68-E0B771407341}"
EndProject
Project("{FAE04EC0-301F-11D3-BF4B-00C04F79EFBC}") = "IndexerApplication", "IndexerApplication\IndexerApplication.csproj", "{51F20E28-51CC-4933-AF14-1E9CBD0ADF51}"
EndProject
Project("{FAE04EC0-301F-11D3-BF4B-00C04F79EFBC}") = "EventApplication", "EventApplication\EventApplication.csproj", "{0D22E846-1FD3-4F5B-B5C4-2CC2C54958A1}"
EndProject
Project("{FAE04EC0-301F-11D3-BF4B-00C04F79EFBC}") = "AnonymousApplication", "AnonymousApplication\AnonymousApplication.csproj", "{0778D02E-E5D8-46FA-AA60-40C7865E2EC4}"
EndProject
Global
	GlobalSection(SolutionConfigurationPlatforms) = preSolution
		Debug|Any CPU = Debug|Any CPU
		Release|Any CPU = Release|Any CPU
	EndGlobalSection
	GlobalSection(ProjectConfigurationPlatforms) = postSolution
		{4A621655-1457-49E6-B4A2-3DFE8B4825CA}.Debug|Any CPU.ActiveCfg = Debug|Any CPU
		{4A621655-1457-49E6-B4A2-3DFE8B4825CA}.Debug|Any CPU.Build.0 = Debug|Any CPU
		{4A621655-1457-49E6-B4A2-3DFE8B4825CA}.Release|Any CPU.ActiveCfg = Release|Any CPU
		{4A621655-1457-49E6-B4A2-3DFE8B4825CA}.Release|Any CPU.Build.0 = Release|Any CPU
		{BC63987B-5C98-4F87-9EFF-65ED035DBB9A}.Debug|Any CPU.ActiveCfg = Debug|Any CPU
		{BC63987B-5C98-4F87-9EFF-65ED035DBB9A}.Debug|Any CPU.Build.0 = Debug|Any CPU
		{BC63987B-5C98-4F87-9EFF-65ED035DBB9A}.Release|Any CPU.ActiveCfg = Release|Any CPU
		{BC63987B-5C98-4F87-9EFF-65ED035DBB9A}.Release|Any CPU.Build.0 = Release|Any CPU
		{1DE6F536-DD5A-4B48-B792-98C91855DECA}.Debug|Any CPU.ActiveCfg = Debug|Any CPU
		{1DE6F536-DD5A-4B48-B792-98C91855DECA}.Debug|Any CPU.Build.0 = Debug|Any CPU
		{1DE6F536-DD5A-4B48-B792-98C91855DECA}.Release|Any CPU.ActiveCfg = Release|Any CPU
		{1DE6F536-DD5A-4B48-B792-98C91855DECA}.Release|Any CPU.Build.0 = Release|Any CPU
		{4AB465CF-7305-41E3-8B20-C6352C6434D3}.Debug|Any CPU.ActiveCfg = Debug|Any CPU
		{4AB465CF-7305-41E3-8B20-C6352C6434D3}.Debug|Any CPU.Build.0 = Debug|Any CPU
		{4AB465CF-7305-41E3-8B20-C6352C6434D3}.Release|Any CPU.ActiveCfg = Release|Any CPU
		{4AB465CF-7305-41E3-8B20-C6352C6434D3}.Release|Any CPU.Build.0 = Release|Any CPU
		{D7F3A5B1-8B79-494B-8017-68E8DB58DC47}.Debug|Any CPU.ActiveCfg = Debug|Any CPU
		{D7F3A5B1-8B79-494B-8017-68E8DB58DC47}.Debug|Any CPU.Build.0 = Debug|Any CPU
		{D7F3A5B1-8B79-494B-8017-68E8DB58DC47}.Release|Any CPU.ActiveCfg = Release|Any CPU
		{D7F3A5B1-8B79-494B-8017-68E8DB58DC47}.Release|Any CPU.Build.0 = Release|Any CPU
		{CAF54A79-8027-4319-AED0-AA25A12D84AE}.Debug|Any CPU.ActiveCfg = Debug|Any CPU
		{CAF54A79-8027-4319-AED0-AA25A12D84AE}.Debug|Any CPU.Build.0 = Debug|Any CPU
		{CAF54A79-8027-4319-AED0-AA25A12D84AE}.Release|Any CPU.ActiveCfg = Release|Any CPU
		{CAF54A79-8027-4319-AED0-AA25A12D84AE}.Release|Any CPU.Build.0 = Release|Any CPU
		{08944D33-32B7-4BA4-B4BB-F64039653861}.Debug|Any CPU.ActiveCfg = Debug|Any CPU
		{08944D33-32B7-4BA4-B4BB-F64039653861}.Debug|Any CPU.Build.0 = Debug|Any CPU
		{08944D33-32B7-4BA4-B4BB-F64039653861}.Release|Any CPU.ActiveCfg = Release|Any CPU
		{08944D33-32B7-4BA4-B4BB-F64039653861}.Release|Any CPU.Build.0 = Release|Any CPU
		{6527598F-5DE2-411E-86F6-3A8F41582C17}.Debug|Any CPU.ActiveCfg = Debug|Any CPU
		{6527598F-5DE2-411E-86F6-3A8F41582C17}.Debug|Any CPU.Build.0 = Debug|Any CPU
		{6527598F-5DE2-411E-86F6-3A8F41582C17}.Release|Any CPU.ActiveCfg = Release|Any CPU
		{6527598F-5DE2-411E-86F6-3A8F41582C17}.Release|Any CPU.Build.0 = Release|Any CPU
		{4B75CB04-07B9-4ACA-B71A-E85A972AC7BC}.Debug|Any CPU.ActiveCfg = Debug|Any CPU
		{4B75CB04-07B9-4ACA-B71A-E85A972AC7BC}.Debug|Any CPU.Build.0 = Debug|Any CPU
		{4B75CB04-07B9-4ACA-B71A-E85A972AC7BC}.Release|Any CPU.ActiveCfg = Release|Any CPU
		{4B75CB04-07B9-4ACA-B71A-E85A972AC7BC}.Release|Any CPU.Build.0 = Release|Any CPU
		{CAC7A1ED-95F0-40D5-BE54-B4790127BE32}.Debug|Any CPU.ActiveCfg = Debug|Any CPU
		{CAC7A1ED-95F0-40D5-BE54-B4790127BE32}.Debug|Any CPU.Build.0 = Debug|Any CPU
		{CAC7A1ED-95F0-40D5-BE54-B4790127BE32}.Release|Any CPU.ActiveCfg = Release|Any CPU
		{CAC7A1ED-95F0-40D5-BE54-B4790127BE32}.Release|Any CPU.Build.0 = Release|Any CPU
		{36CF99A1-3A48-48BE-BC25-BF3BF5C77B5D}.Debug|Any CPU.ActiveCfg = Debug|Any CPU
		{36CF99A1-3A48-48BE-BC25-BF3BF5C77B5D}.Debug|Any CPU.Build.0 = Debug|Any CPU
		{36CF99A1-3A48-48BE-BC25-BF3BF5C77B5D}.Release|Any CPU.ActiveCfg = Release|Any CPU
		{36CF99A1-3A48-48BE-BC25-BF3BF5C77B5D}.Release|Any CPU.Build.0 = Release|Any CPU
		{AE476E94-B5CA-4736-B7DF-D65107CA6439}.Debug|Any CPU.ActiveCfg = Debug|Any CPU
		{AE476E94-B5CA-4736-B7DF-D65107CA6439}.Debug|Any CPU.Build.0 = Debug|Any CPU
		{AE476E94-B5CA-4736-B7DF-D65107CA6439}.Release|Any CPU.ActiveCfg = Release|Any CPU
		{AE476E94-B5CA-4736-B7DF-D65107CA6439}.Release|Any CPU.Build.0 = Release|Any CPU
		{0C036984-24CE-44E3-944F-28FC3B3424F7}.Debug|Any CPU.ActiveCfg = Debug|Any CPU
		{0C036984-24CE-44E3-944F-28FC3B3424F7}.Debug|Any CPU.Build.0 = Debug|Any CPU
		{0C036984-24CE-44E3-944F-28FC3B3424F7}.Release|Any CPU.ActiveCfg = Release|Any CPU
		{0C036984-24CE-44E3-944F-28FC3B3424F7}.Release|Any CPU.Build.0 = Release|Any CPU
		{FBBD2DE8-9993-4D16-9DE3-7FFAD804CC26}.Debug|Any CPU.ActiveCfg = Debug|Any CPU
		{FBBD2DE8-9993-4D16-9DE3-7FFAD804CC26}.Debug|Any CPU.Build.0 = Debug|Any CPU
		{FBBD2DE8-9993-4D16-9DE3-7FFAD804CC26}.Release|Any CPU.ActiveCfg = Release|Any CPU
		{FBBD2DE8-9993-4D16-9DE3-7FFAD804CC26}.Release|Any CPU.Build.0 = Release|Any CPU
		{6BA27EEE-0E44-46E7-BFB7-B19F2D6AB368}.Debug|Any CPU.ActiveCfg = Debug|Any CPU
		{6BA27EEE-0E44-46E7-BFB7-B19F2D6AB368}.Debug|Any CPU.Build.0 = Debug|Any CPU
		{6BA27EEE-0E44-46E7-BFB7-B19F2D6AB368}.Release|Any CPU.ActiveCfg = Release|Any CPU
		{6BA27EEE-0E44-46E7-BFB7-B19F2D6AB368}.Release|Any CPU.Build.0 = Release|Any CPU
		{FF869A8C-C040-4EC3-AEFE-39CAFBA7A87D}.Debug|Any CPU.ActiveCfg = Debug|Any CPU
		{FF869A8C-C040-4EC3-AEFE-39CAFBA7A87D}.Debug|Any CPU.Build.0 = Debug|Any CPU
		{FF869A8C-C040-4EC3-AEFE-39CAFBA7A87D}.Release|Any CPU.ActiveCfg = Release|Any CPU
		{FF869A8C-C040-4EC3-AEFE-39CAFBA7A87D}.Release|Any CPU.Build.0 = Release|Any CPU
		{CCF14EFF-E3E5-40B7-AE68-E0B771407341}.Debug|Any CPU.ActiveCfg = Debug|Any CPU
		{CCF14EFF-E3E5-40B7-AE68-E0B771407341}.Debug|Any CPU.Build.0 = Debug|Any CPU
		{CCF14EFF-E3E5-40B7-AE68-E0B771407341}.Release|Any CPU.ActiveCfg = Release|Any CPU
		{CCF14EFF-E3E5-40B7-AE68-E0B771407341}.Release|Any CPU.Build.0 = Release|Any CPU
		{51F20E28-51CC-4933-AF14-1E9CBD0ADF51}.Debug|Any CPU.ActiveCfg = Debug|Any CPU
		{51F20E28-51CC-4933-AF14-1E9CBD0ADF51}.Debug|Any CPU.Build.0 = Debug|Any CPU
		{51F20E28-51CC-4933-AF14-1E9CBD0ADF51}.Release|Any CPU.ActiveCfg = Release|Any CPU
		{51F20E28-51CC-4933-AF14-1E9CBD0ADF51}.Release|Any CPU.Build.0 = Release|Any CPU
		{0D22E846-1FD3-4F5B-B5C4-2CC2C54958A1}.Debug|Any CPU.ActiveCfg = Debug|Any CPU
		{0D22E846-1FD3-4F5B-B5C4-2CC2C54958A1}.Debug|Any CPU.Build.0 = Debug|Any CPU
		{0D22E846-1FD3-4F5B-B5C4-2CC2C54958A1}.Release|Any CPU.ActiveCfg = Release|Any CPU
		{0D22E846-1FD3-4F5B-B5C4-2CC2C54958A1}.Release|Any CPU.Build.0 = Release|Any CPU
		{0778D02E-E5D8-46FA-AA60-40C7865E2EC4}.Debug|Any CPU.ActiveCfg = Debug|Any CPU
		{0778D02E-E5D8-46FA-AA60-40C7865E2EC4}.Debug|Any CPU.Build.0 = Debug|Any CPU
		{0778D02E-E5D8-46FA-AA60-40C7865E2EC4}.Release|Any CPU.ActiveCfg = Release|Any CPU
		{0778D02E-E5D8-46FA-AA60-40C7865E2EC4}.Release|Any CPU.Build.0 = Release|Any CPU
	EndGlobalSection
	GlobalSection(SolutionProperties) = preSolution
		HideSolutionNode = FALSE
	EndGlobalSection
	GlobalSection(ExtensibilityGlobals) = postSolution
		SolutionGuid = {749F7149-86EC-42AB-8F3F-1D9C9EDF3AA2}
	EndGlobalSection
EndGlobal
